# This file is automatically @generated by Cargo.
# It is not intended for manual editing.
version = 4

[[package]]
name = "baedeker-cli"
version = "0.1.0"
dependencies = [
 "baedeker-core",
 "baedeker-testdata",
]

[[package]]
name = "baedeker-core"
version = "0.1.0"
dependencies = [
 "baedeker-testdata",
]

[[package]]
name = "baedeker-testdata"
version = "0.1.0"
